
Microsoft Visual Studio Solution File, Format Version 12.00
# Visual Studio 15
Project("{FAE04EC0-301F-11D3-BF4B-00C04F79EFBC}") = "NavMeshPlusEditor", "NavMeshPlusEditor.csproj", "{55B38194-C00A-83C9-7204-C1733A8C5D66}"
EndProject
Project("{FAE04EC0-301F-11D3-BF4B-00C04F79EFBC}") = "Assembly-CSharp", "Assembly-CSharp.csproj", "{0C21C159-8E82-5C39-AE3B-655FB13934E1}"
EndProject
Project("{FAE04EC0-301F-11D3-BF4B-00C04F79EFBC}") = "NavMeshPlus", "NavMeshPlus.csproj", "{5453CAA2-AB9F-0AED-FAFC-08AA3572BB17}"
EndProject
Project("{FAE04EC0-301F-11D3-BF4B-00C04F79EFBC}") = "PlayFab", "PlayFab.csproj", "{3D060F5F-D8AC-D85F-31CF-54FCD81DB476}"
EndProject
Project("{FAE04EC0-301F-11D3-BF4B-00C04F79EFBC}") = "PlayFabEditorExtensions", "PlayFabEditorExtensions.csproj", "{2BD22CD0-9171-32CB-9163-52BD97304AC3}"
EndProject
Project("{FAE04EC0-301F-11D3-BF4B-00C04F79EFBC}") = "PlayFabSDKEditor", "PlayFabSDKEditor.csproj", "{5BE11D19-D113-4D3E-D21E-00771932DB28}"
EndProject
Global
	GlobalSection(SolutionConfigurationPlatforms) = preSolution
		Debug|Any CPU = Debug|Any CPU
		Release|Any CPU = Release|Any CPU
	EndGlobalSection
	GlobalSection(ProjectConfigurationPlatforms) = postSolution
		{55B38194-C00A-83C9-7204-C1733A8C5D66}.Debug|Any CPU.ActiveCfg = Debug|Any CPU
		{55B38194-C00A-83C9-7204-C1733A8C5D66}.Debug|Any CPU.Build.0 = Debug|Any CPU
		{55B38194-C00A-83C9-7204-C1733A8C5D66}.Release|Any CPU.ActiveCfg = Release|Any CPU
		{55B38194-C00A-83C9-7204-C1733A8C5D66}.Release|Any CPU.Build.0 = Release|Any CPU
		{0C21C159-8E82-5C39-AE3B-655FB13934E1}.Debug|Any CPU.ActiveCfg = Debug|Any CPU
		{0C21C159-8E82-5C39-AE3B-655FB13934E1}.Debug|Any CPU.Build.0 = Debug|Any CPU
		{0C21C159-8E82-5C39-AE3B-655FB13934E1}.Release|Any CPU.ActiveCfg = Release|Any CPU
		{0C21C159-8E82-5C39-AE3B-655FB13934E1}.Release|Any CPU.Build.0 = Release|Any CPU
		{5453CAA2-AB9F-0AED-FAFC-08AA3572BB17}.Debug|Any CPU.ActiveCfg = Debug|Any CPU
		{5453CAA2-AB9F-0AED-FAFC-08AA3572BB17}.Debug|Any CPU.Build.0 = Debug|Any CPU
		{5453CAA2-AB9F-0AED-FAFC-08AA3572BB17}.Release|Any CPU.ActiveCfg = Release|Any CPU
		{5453CAA2-AB9F-0AED-FAFC-08AA3572BB17}.Release|Any CPU.Build.0 = Release|Any CPU
		{3D060F5F-D8AC-D85F-31CF-54FCD81DB476}.Debug|Any CPU.ActiveCfg = Debug|Any CPU
		{3D060F5F-D8AC-D85F-31CF-54FCD81DB476}.Debug|Any CPU.Build.0 = Debug|Any CPU
		{3D060F5F-D8AC-D85F-31CF-54FCD81DB476}.Release|Any CPU.ActiveCfg = Release|Any CPU
		{3D060F5F-D8AC-D85F-31CF-54FCD81DB476}.Release|Any CPU.Build.0 = Release|Any CPU
		{2BD22CD0-9171-32CB-9163-52BD97304AC3}.Debug|Any CPU.ActiveCfg = Debug|Any CPU
		{2BD22CD0-9171-32CB-9163-52BD97304AC3}.Debug|Any CPU.Build.0 = Debug|Any CPU
		{2BD22CD0-9171-32CB-9163-52BD97304AC3}.Release|Any CPU.ActiveCfg = Release|Any CPU
		{2BD22CD0-9171-32CB-9163-52BD97304AC3}.Release|Any CPU.Build.0 = Release|Any CPU
		{5BE11D19-D113-4D3E-D21E-00771932DB28}.Debug|Any CPU.ActiveCfg = Debug|Any CPU
		{5BE11D19-D113-4D3E-D21E-00771932DB28}.Debug|Any CPU.Build.0 = Debug|Any CPU
		{5BE11D19-D113-4D3E-D21E-00771932DB28}.Release|Any CPU.ActiveCfg = Release|Any CPU
		{5BE11D19-D113-4D3E-D21E-00771932DB28}.Release|Any CPU.Build.0 = Release|Any CPU
	EndGlobalSection
	GlobalSection(SolutionProperties) = preSolution
		HideSolutionNode = FALSE
	EndGlobalSection
EndGlobal
